DEPENDENCIES
  apt
  ark
    git: git://github.com/opscode-cookbooks/ark.git
    revision: 2763d83a75b283ee25461a9ec2518238777333cc
  base
    path: ./site-cookbooks/base
  collectd
    git: https://github.com/coderanger/chef-collectd.git
    revision: d34b21d8e42fba907c20080ed2a353aeb797be4c
  grafana
    git: git://github.com/dzautner/grafana-cookbook.git
    revision: 101a3659d47a086c5152b4c0a80a619e82b1a74e
  graphite
    git: https://github.com/hw-cookbooks/graphite.git
    revision: 54e2c91019ff67b43b82a1e654d9e82b4b28c0c4
    branch: master
  graphitus
    git: git://github.com/kisoku/graphitus-chef.git
    revision: fa59f145d0a71f9bb1bdc39bd6cb47e5f7b7c757
  monitoring
    path: ./site-cookbooks/monitoring
  oh-my-zsh
    git: https://github.com/hw-cookbooks/oh-my-zsh.git
    revision: 05f9b6f7c3d4ab48ee3f434011f22781ad77bd96
  poise
    git: https://github.com/poise/poise.git
    revision: 0e0b2aa19460d1411afba3fc6e76f81f59e7ea82
  solo-search
    git: https://github.com/monigusto/chef-solo-search.git
    revision: 39202490b547e156484fe099e62fcacad5aa3b5d
  vim
    git: https://github.com/opscode-cookbooks/vim.git
    revision: 858a24f745d3f7e13daca5ba918861d31401e0bf

GRAPH
  apache2 (1.9.6)
    iptables (>= 0.0.0)
    logrotate (>= 0.0.0)
    pacman (>= 0.0.0)
  apt (2.3.8)
  ark (0.6.1)
  base (0.1.0)
    chef-solo-search (>= 0.0.0)
    oh-my-zsh (>= 0.0.0)
    vim (>= 0.0.0)
  bluepill (2.3.1)
    rsyslog (>= 0.0.0)
  build-essential (1.4.4)
  chef-solo-search (0.5.1)
  chef_handler (1.1.5)
  collectd (1.0.0)
  dmg (2.2.0)
  git (3.0.0)
    build-essential (>= 0.0.0)
    dmg (>= 0.0.0)
    runit (>= 1.0.0)
    windows (>= 0.0.0)
    yum (~> 3.0)
    yum-epel (>= 0.0.0)
  grafana (0.1.0)
    apache2 (>= 0.0.0)
    git (>= 0.0.0)
    nginx (>= 0.0.0)
  graphite (0.4.8)
    apache2 (>= 0.0.0)
    memcached (>= 0.0.0)
    python (>= 0.0.0)
    runit (~> 1.0)
  graphitus (0.1.0)
    git (>= 0.0.0)
    poise (>= 0.0.0)
  iptables (0.12.0)
  logrotate (1.5.0)
  memcached (1.7.0)
    runit (~> 1.0)
    yum (~> 3.0)
    yum-epel (>= 0.0.0)
  monitoring (0.1.0)
    apt (>= 0.0.0)
    collectd (>= 0.0.0)
    grafana (>= 0.0.0)
    graphite (>= 0.0.0)
    graphitus (>= 0.0.0)
  nginx (2.4.4)
    apt (~> 2.2)
    bluepill (~> 2.3)
    build-essential (~> 2.0)
    ohai (~> 1.1)
    runit (~> 1.2)
    yum-epel (~> 0.3)
  oh-my-zsh (0.4.3)
    git (>= 0.0.0)
    users (>= 0.0.0)
    zsh (>= 0.0.0)
  ohai (1.1.12)
  pacman (1.1.1)
  poise (1.0.9)
  python (1.4.6)
    build-essential (>= 0.0.0)
    yum-epel (>= 0.0.0)
  rsyslog (1.12.2)
  runit (1.5.10)
    build-essential (>= 0.0.0)
    yum (~> 3.0)
    yum-epel (>= 0.0.0)
  solo-search (0.4.0)
  users (1.7.0)
  vim (1.1.3)
  windows (1.30.0)
    chef_handler (>= 0.0.0)
  yum (3.1.2)
  yum-epel (0.3.4)
    yum (~> 3.0)
  zsh (1.0.0)
